{
  "object": {
    "pins": [
      {
        "package": "Kingfisher",
        "repositoryURL": "https://github.com/onevcat/Kingfisher.git",
        "state": {
          "branch": null,
          "revision": "be1a1acb283a702b99b630f586877ba02234b4cb",
          "version": "7.3.2"
        }
      },
      {
        "package": "RxSwift",
        "repositoryURL": "https://github.com/ReactiveX/RxSwift.git",
        "state": {
          "branch": null,
          "revision": "b4307ba0b6425c0ba4178e138799946c3da594f8",
          "version": "6.5.0"
        }
      },
      {
        "package": "TGCardViewController",
        "repositoryURL": "https://github.com/skedgo/TGCardViewController.git",
        "state": {
          "branch": null,
          "revision": "ad4eadb5d359142db5df40d59487f6a15a13eef9",
          "version": "2.2.2"
        }
      }
    ]
  },
  "version": 1
}
