{
  "pins" : [
    {
      "identity" : "geomonitor",
      "kind" : "remoteSourceControl",
      "location" : "https://github.com/skedgo/GeoMonitor.git",
      "state" : {
        "revision" : "6bd6092fb4e85727d483fe244a11b882c2997f63",
        "version" : "0.2.0"
      }
    },
    {
      "identity" : "kingfisher",
      "kind" : "remoteSourceControl",
      "location" : "https://github.com/onevcat/Kingfisher.git",
      "state" : {
        "revision" : "dd3c422ec3088404d6f7e8c905a8318b3de12d6f",
        "version" : "8.6.0"
      }
    },
    {
      "identity" : "rxswift",
      "kind" : "remoteSourceControl",
      "location" : "https://github.com/ReactiveX/RxSwift.git",
      "state" : {
        "revision" : "5dd1907d64f0d36f158f61a466bab75067224893",
        "version" : "6.9.0"
      }
    },
    {
      "identity" : "tgcardviewcontroller",
      "kind" : "remoteSourceControl",
      "location" : "https://github.com/skedgo/TGCardViewController.git",
      "state" : {
        "revision" : "ea12feacf4638c3653169609dbc6b9e79ca474ed",
        "version" : "2.4.0"
      }
    }
  ],
  "version" : 2
}
