<?xml version="1.0" encoding="UTF-8"?>
<Scheme
   LastUpgradeVersion = "1250"
   version = "1.3">
   <BuildAction
      parallelizeBuildables = "YES"
      buildImplicitDependencies = "YES">
      <BuildActionEntries>
         <BuildActionEntry
            buildForTesting = "YES"
            buildForRunning = "YES"
            buildForProfiling = "YES"
            buildForArchiving = "YES"
            buildForAnalyzing = "YES">
            <BuildableReference
               BuildableIdentifier = "primary"
               BlueprintIdentifier = "3AB6C61F1D1CD0060089F687"
               BuildableName = "TripKit.framework"
               BlueprintName = "TripKit-iOS"
               ReferencedContainer = "container:TripKit.xcodeproj">
            </BuildableReference>
         </BuildActionEntry>
      </BuildActionEntries>
   </BuildAction>
   <TestAction
      buildConfiguration = "Debug"
      selectedDebuggerIdentifier = "Xcode.DebuggerFoundation.Debugger.LLDB"
      selectedLauncherIdentifier = "Xcode.DebuggerFoundation.Launcher.LLDB"
      shouldUseLaunchSchemeArgsEnv = "YES">
      <MacroExpansion>
         <BuildableReference
            BuildableIdentifier = "primary"
            BlueprintIdentifier = "3AB6C61F1D1CD0060089F687"
            BuildableName = "TripKit.framework"
            BlueprintName = "TripKit-iOS"
            ReferencedContainer = "container:TripKit.xcodeproj">
         </BuildableReference>
      </MacroExpansion>
      <Testables>
         <TestableReference
            skipped = "NO">
            <BuildableReference
               BuildableIdentifier = "primary"
               BlueprintIdentifier = "3AB6C6291D1CD0060089F687"
               BuildableName = "TripKitTests.xctest"
               BlueprintName = "TripKitTests"
               ReferencedContainer = "container:TripKit.xcodeproj">
            </BuildableReference>
         </TestableReference>
      </Testables>
   </TestAction>
   <LaunchAction
      buildConfiguration = "Debug"
      selectedDebuggerIdentifier = "Xcode.DebuggerFoundation.Debugger.LLDB"
      selectedLauncherIdentifier = "Xcode.DebuggerFoundation.Launcher.LLDB"
      launchStyle = "0"
      useCustomWorkingDirectory = "NO"
      ignoresPersistentStateOnLaunch = "NO"
      debugDocumentVersioning = "YES"
      debugServiceExtension = "internal"
      allowLocationSimulation = "YES">
      <MacroExpansion>
         <BuildableReference
            BuildableIdentifier = "primary"
            BlueprintIdentifier = "3AB6C61F1D1CD0060089F687"
            BuildableName = "TripKit.framework"
            BlueprintName = "TripKit-iOS"
            ReferencedContainer = "container:TripKit.xcodeproj">
         </BuildableReference>
      </MacroExpansion>
      <EnvironmentVariables>
         <EnvironmentVariable
            key = "TRIPGO_API_KEY"
            value = "$(TRIPGO_API_KEY)"
            isEnabled = "YES">
         </EnvironmentVariable>
         <EnvironmentVariable
            key = "DATADOG_CLIENT_TOKEN"
            value = "$(DATADOG_CLIENT_TOKEN)"
            isEnabled = "YES">
         </EnvironmentVariable>
         <EnvironmentVariable
            key = "DD_TEST_RUNNER"
            value = "$(DD_TEST_RUNNER)"
            isEnabled = "YES">
         </EnvironmentVariable>
         <EnvironmentVariable
            key = "DD_ENV"
            value = "$(DD_ENV)"
            isEnabled = "YES">
         </EnvironmentVariable>
         <EnvironmentVariable
            key = "DD_SERVICE"
            value = "$(DD_SERVICE)"
            isEnabled = "YES">
         </EnvironmentVariable>
         <EnvironmentVariable
            key = "SRCROOT"
            value = "$(SRCROOT)"
            isEnabled = "YES">
         </EnvironmentVariable>
         <EnvironmentVariable
            key = "GITHUB_WORKSPACE"
            value = "$(GITHUB_WORKSPACE)"
            isEnabled = "YES">
         </EnvironmentVariable>
         <EnvironmentVariable
            key = "GITHUB_REPOSITORY"
            value = "$(GITHUB_REPOSITORY)"
            isEnabled = "YES">
         </EnvironmentVariable>
         <EnvironmentVariable
            key = "GITHUB_RUN_ID"
            value = "$(GITHUB_RUN_ID)"
            isEnabled = "YES">
         </EnvironmentVariable>
         <EnvironmentVariable
            key = "GITHUB_RUN_NUMBER"
            value = "$(GITHUB_RUN_NUMBER)"
            isEnabled = "YES">
         </EnvironmentVariable>
         <EnvironmentVariable
            key = "GITHUB_WORKFLOW"
            value = "$(GITHUB_WORKFLOW)"
            isEnabled = "YES">
         </EnvironmentVariable>
         <EnvironmentVariable
            key = "GITHUB_SHA"
            value = "$(GITHUB_SHA)"
            isEnabled = "YES">
         </EnvironmentVariable>
         <EnvironmentVariable
            key = "GITHUB_REF"
            value = "$(GITHUB_REF)"
            isEnabled = "YES">
         </EnvironmentVariable>
         <EnvironmentVariable
            key = "GITHUB_HEAD_REF"
            value = "$(GITHUB_HEAD_REF)"
            isEnabled = "YES">
         </EnvironmentVariable>
      </EnvironmentVariables>
   </LaunchAction>
   <ProfileAction
      buildConfiguration = "Release"
      shouldUseLaunchSchemeArgsEnv = "YES"
      savedToolIdentifier = ""
      useCustomWorkingDirectory = "NO"
      debugDocumentVersioning = "YES">
      <MacroExpansion>
         <BuildableReference
            BuildableIdentifier = "primary"
            BlueprintIdentifier = "3AB6C61F1D1CD0060089F687"
            BuildableName = "TripKit.framework"
            BlueprintName = "TripKit-iOS"
            ReferencedContainer = "container:TripKit.xcodeproj">
         </BuildableReference>
      </MacroExpansion>
   </ProfileAction>
   <AnalyzeAction
      buildConfiguration = "Debug">
   </AnalyzeAction>
   <ArchiveAction
      buildConfiguration = "Release"
      revealArchiveInOrganizer = "YES">
   </ArchiveAction>
</Scheme>
