PODS:
  - GeoMonitor (0.1.1)
  - Kingfisher (7.4.1)
  - RxCocoa (6.5.0):
    - RxRelay (= 6.5.0)
    - RxSwift (= 6.5.0)
  - RxRelay (6.5.0):
    - RxSwift (= 6.5.0)
  - RxSwift (6.5.0)
  - TGCardViewController (2.1.2)
  - TripKit (4.3.0)
  - TripKitInterApp (4.3.0):
    - TripKit (~> 4.3.0)
  - TripKitUI (4.3.0):
    - GeoMonitor (~> 0.1)
    - Kingfisher (~> 7.0)
    - RxCocoa (~> 6.5)
    - RxSwift (~> 6.5)
    - TGCardViewController (>= 2.1)
    - TripKit (~> 4.3.0)

DEPENDENCIES:
  - TripKit (from `../../`)
  - TripKitInterApp (from `../../`)
  - TripKitUI (from `../../`)

SPEC REPOS:
  trunk:
    - GeoMonitor
    - Kingfisher
    - RxCocoa
    - RxRelay
    - RxSwift
    - TGCardViewController

EXTERNAL SOURCES:
  TripKit:
    :path: "../../"
  TripKitInterApp:
    :path: "../../"
  TripKitUI:
    :path: "../../"

SPEC CHECKSUMS:
  GeoMonitor: 4f71326249934ee41b16772546f79e93205cac45
  Kingfisher: cd762a593a61b2fbecf7645c00f9a801a3ebfc9c
  RxCocoa: 94f817b71c07517321eb4f9ad299112ca8af743b
  RxRelay: 1de1523e604c72b6c68feadedd1af3b1b4d0ecbd
  RxSwift: 5710a9e6b17f3c3d6e40d6e559b9fa1e813b2ef8
  TGCardViewController: a19c5fad9f8352f75a7cd0663292d63c693b9947
  TripKit: fca5aab1f4a6b2a4e2e2bb9d236192a528cc6ea7
  TripKitInterApp: 4a61bcde573c741d107cd973dcbb15a3eba61026
  TripKitUI: 309c28ef02d05a3111da454d6e990322abf9f7a6

PODFILE CHECKSUM: fd67bcba748ae215ff8d7ed6cf43555a3235bd4a

COCOAPODS: 1.11.3
