PODS:
  - ASPolygonKit (0.2.1)
  - Differentiator (4.0.1)
  - Kingfisher (5.14.1):
    - Kingfisher/Core (= 5.14.1)
  - Kingfisher/Core (5.14.1)
  - RxCocoa (5.1.1):
    - RxRelay (~> 5)
    - RxSwift (~> 5)
  - RxDataSources (4.0.1):
    - Differentiator (~> 4.0)
    - RxCocoa (~> 5.0)
    - RxSwift (~> 5.0)
  - RxRelay (5.1.1):
    - RxSwift (~> 5)
  - RxSwift (5.1.1)
  - TGCardViewController (1.3.1)
  - TripKit (4.0-rc2):
    - ASPolygonKit
    - RxCocoa (~> 5.1.1)
    - RxSwift (~> 5.1.1)
  - TripKitInterApp (4.0-rc2):
    - TripKit (~> 4.0-rc2)
  - TripKitUI (4.0-rc2):
    - Kingfisher (~> 5.8)
    - RxDataSources (~> 4.0)
    - TGCardViewController (>= 1.3.1)
    - TripKit (~> 4.0-rc2)

DEPENDENCIES:
  - TripKit (from `../../`)
  - TripKitInterApp (from `../../`)
  - TripKitUI (from `../../`)

SPEC REPOS:
  trunk:
    - ASPolygonKit
    - Differentiator
    - Kingfisher
    - RxCocoa
    - RxDataSources
    - RxRelay
    - RxSwift
    - TGCardViewController

EXTERNAL SOURCES:
  TripKit:
    :path: "../../"
  TripKitInterApp:
    :path: "../../"
  TripKitUI:
    :path: "../../"

SPEC CHECKSUMS:
  ASPolygonKit: 74419ea0bea04a702aace3cfcf6ae3abcf694f34
  Differentiator: 886080237d9f87f322641dedbc5be257061b0602
  Kingfisher: 8050bc6f7f68cbf3908bd04df7ccbac188f6d6d6
  RxCocoa: 32065309a38d29b5b0db858819b5bf9ef038b601
  RxDataSources: efee07fa4de48477eca0a4611e6d11e2da9c1114
  RxRelay: d77f7d771495f43c556cbc43eebd1bb54d01e8e9
  RxSwift: 81470a2074fa8780320ea5fe4102807cb7118178
  TGCardViewController: 548af9958c22deddc622857e7f215afcddfb5cec
  TripKit: e5cac8b20ffd79d55e351599fd70e7004ade860d
  TripKitInterApp: fef5d2d023ef8d8a5ca94d6f57ddd49efcea5362
  TripKitUI: 8a46832ba77a6601010b49e7f1783319ee3e27b0

PODFILE CHECKSUM: 7c26bf9b700c7f005657bd668cc6c37f7edf59ff

COCOAPODS: 1.9.3
