{
  "pins" : [
    {
      "identity" : "dd-sdk-swift-testing",
      "kind" : "remoteSourceControl",
      "location" : "https://github.com/DataDog/dd-sdk-swift-testing",
      "state" : {
        "revision" : "9fb2d3087afbe7337b4876a63c77ce8dd0e66a23",
        "version" : "1.1.1"
      }
    },
    {
      "identity" : "geomonitor",
      "kind" : "remoteSourceControl",
      "location" : "https://github.com/skedgo/GeoMonitor",
      "state" : {
        "revision" : "6bd6092fb4e85727d483fe244a11b882c2997f63",
        "version" : "0.2.0"
      }
    },
    {
      "identity" : "kingfisher",
      "kind" : "remoteSourceControl",
      "location" : "https://github.com/onevcat/Kingfisher.git",
      "state" : {
        "revision" : "af4be924ad984cf4d16f4ae4df424e79a443d435",
        "version" : "7.6.2"
      }
    },
    {
      "identity" : "rxswift",
      "kind" : "remoteSourceControl",
      "location" : "https://github.com/ReactiveX/RxSwift.git",
      "state" : {
        "revision" : "b4307ba0b6425c0ba4178e138799946c3da594f8",
        "version" : "6.5.0"
      }
    },
    {
      "identity" : "tgcardviewcontroller",
      "kind" : "remoteSourceControl",
      "location" : "https://github.com/skedgo/TGCardViewController.git",
      "state" : {
        "revision" : "12f3686c0e0bfd96fb28aba800da3420bc8dcae5",
        "version" : "2.2.8"
      }
    }
  ],
  "version" : 2
}
