{
  "pins" : [
    {
      "identity" : "kingfisher",
      "kind" : "remoteSourceControl",
      "location" : "https://github.com/onevcat/Kingfisher.git",
      "state" : {
        "revision" : "44e891bdb61426a95e31492a67c7c0dfad1f87c5",
        "version" : "7.4.1"
      }
    },
    {
      "identity" : "rxswift",
      "kind" : "remoteSourceControl",
      "location" : "https://github.com/ReactiveX/RxSwift.git",
      "state" : {
        "revision" : "b4307ba0b6425c0ba4178e138799946c3da594f8",
        "version" : "6.5.0"
      }
    },
    {
      "identity" : "tgcardviewcontroller",
      "kind" : "remoteSourceControl",
      "location" : "https://github.com/skedgo/TGCardViewController.git",
      "state" : {
        "revision" : "ad4eadb5d359142db5df40d59487f6a15a13eef9",
        "version" : "2.2.2"
      }
    }
  ],
  "version" : 2
}
