{
  "pins" : [
    {
      "identity" : "geomonitor",
      "kind" : "remoteSourceControl",
      "location" : "https://github.com/skedgo/GeoMonitor",
      "state" : {
        "revision" : "6bd6092fb4e85727d483fe244a11b882c2997f63",
        "version" : "0.2.0"
      }
    },
    {
      "identity" : "kingfisher",
      "kind" : "remoteSourceControl",
      "location" : "https://github.com/onevcat/Kingfisher.git",
      "state" : {
        "revision" : "c1f60c63f356d364f4284ba82961acbe7de79bcc",
        "version" : "7.8.1"
      }
    },
    {
      "identity" : "rxswift",
      "kind" : "remoteSourceControl",
      "location" : "https://github.com/ReactiveX/RxSwift.git",
      "state" : {
        "revision" : "9dcaa4b333db437b0fbfaf453fad29069044a8b4",
        "version" : "6.6.0"
      }
    },
    {
      "identity" : "tgcardviewcontroller",
      "kind" : "remoteSourceControl",
      "location" : "https://github.com/skedgo/TGCardViewController.git",
      "state" : {
        "revision" : "b96668ef9bd28972f75ff9087b822fad8fb0ad84",
        "version" : "2.2.10"
      }
    }
  ],
  "version" : 2
}
